// !$*UTF8*$!
{
	archiveVersion = 1;
	classes = {
	};
	objectVersion = 50;
	objects = {

/* Begin PBXBuildFile section */
		C8D7D403238D06DA00BBBCFD /* AppDelegate.swift in Sources */ = {isa = PBXBuildFile; fileRef = C8D7D402238D06DA00BBBCFD /* AppDelegate.swift */; };
		C8D7D405238D06DA00BBBCFD /* ViewController.swift in Sources */ = {isa = PBXBuildFile; fileRef = C8D7D404238D06DA00BBBCFD /* ViewController.swift */; };
		C8D7D408238D06DA00BBBCFD /* Main.storyboard in Resources */ = {isa = PBXBuildFile; fileRef = C8D7D406238D06DA00BBBCFD /* Main.storyboard */; };
		C8D7D40A238D06DD00BBBCFD /* Assets.xcassets in Resources */ = {isa = PBXBuildFile; fileRef = C8D7D409238D06DD00BBBCFD /* Assets.xcassets */; };
		C8D7D40D238D06DD00BBBCFD /* LaunchScreen.storyboard in Resources */ = {isa = PBXBuildFile; fileRef = C8D7D40B238D06DD00BBBCFD /* LaunchScreen.storyboard */; };
/* End PBXBuildFile section */

/* Begin PBXFileReference section */
		C8D7D3FF238D06DA00BBBCFD /* BLEComuClientForESPIDFble_spp_server.app */ = {isa = PBXFileReference; explicitFileType = wrapper.application; includeInIndex = 0; path = BLEComuClientForESPIDFble_spp_server.app; sourceTree = BUILT_PRODUCTS_DIR; };
		C8D7D402238D06DA00BBBCFD /* AppDelegate.swift */ = {isa = PBXFileReference; lastKnownFileType = sourcecode.swift; path = AppDelegate.swift; sourceTree = "<group>"; };
		C8D7D404238D06DA00BBBCFD /* ViewController.swift */ = {isa = PBXFileReference; lastKnownFileType = sourcecode.swift; path = ViewController.swift; sourceTree = "<group>"; };
		C8D7D407238D06DA00BBBCFD /* Base */ = {isa = PBXFileReference; lastKnownFileType = file.storyboard; name = Base; path = Base.lproj/Main.storyboard; sourceTree = "<group>"; };
		C8D7D409238D06DD00BBBCFD /* Assets.xcassets */ = {isa = PBXFileReference; lastKnownFileType = folder.assetcatalog; path = Assets.xcassets; sourceTree = "<group>"; };
		C8D7D40C238D06DD00BBBCFD /* Base */ = {isa = PBXFileReference; lastKnownFileType = file.storyboard; name = Base; path = Base.lproj/LaunchScreen.storyboard; sourceTree = "<group>"; };
		C8D7D40E238D06DD00BBBCFD /* Info.plist */ = {isa = PBXFileReference; lastKnownFileType = text.plist.xml; path = Info.plist; sourceTree = "<group>"; };
/* End PBXFileReference section */

/* Begin PBXFrameworksBuildPhase section */
		C8D7D3FC238D06DA00BBBCFD /* Frameworks */ = {
			isa = PBXFrameworksBuildPhase;
			buildActionMask = 2147483647;
			files = (
			);
			runOnlyForDeploymentPostprocessing = 0;
		};
/* End PBXFrameworksBuildPhase section */

/* Begin PBXGroup section */
		C8D7D3F6238D06DA00BBBCFD = {
			isa = PBXGroup;
			children = (
				C8D7D401238D06DA00BBBCFD /* BLEComuClientForESPIDFble_spp_server */,
				C8D7D400238D06DA00BBBCFD /* Products */,
			);
			sourceTree = "<group>";
		};
		C8D7D400238D06DA00BBBCFD /* Products */ = {
			isa = PBXGroup;
			children = (
				C8D7D3FF238D06DA00BBBCFD /* BLEComuClientForESPIDFble_spp_server.app */,
			);
			name = Products;
			sourceTree = "<group>";
		};
		C8D7D401238D06DA00BBBCFD /* BLEComuClientForESPIDFble_spp_server */ = {
			isa = PBXGroup;
			children = (
				C8D7D402238D06DA00BBBCFD /* AppDelegate.swift */,
				C8D7D404238D06DA00BBBCFD /* ViewController.swift */,
				C8D7D406238D06DA00BBBCFD /* Main.storyboard */,
				C8D7D409238D06DD00BBBCFD /* Assets.xcassets */,
				C8D7D40B238D06DD00BBBCFD /* LaunchScreen.storyboard */,
				C8D7D40E238D06DD00BBBCFD /* Info.plist */,
			);
			path = BLEComuClientForESPIDFble_spp_server;
			sourceTree = "<group>";
		};
/* End PBXGroup section */

/* Begin PBXNativeTarget section */
		C8D7D3FE238D06DA00BBBCFD /* BLEComuClientForESPIDFble_spp_server */ = {
			isa = PBXNativeTarget;
			buildConfigurationList = C8D7D411238D06DD00BBBCFD /* Build configuration list for PBXNativeTarget "BLEComuClientForESPIDFble_spp_server" */;
			buildPhases = (
				C8D7D3FB238D06DA00BBBCFD /* Sources */,
				C8D7D3FC238D06DA00BBBCFD /* Frameworks */,
				C8D7D3FD238D06DA00BBBCFD /* Resources */,
			);
			buildRules = (
			);
			dependencies = (
			);
			name = BLEComuClientForESPIDFble_spp_server;
			productName = BLEComuClientForESPIDFble_spp_server;
			productReference = C8D7D3FF238D06DA00BBBCFD /* BLEComuClientForESPIDFble_spp_server.app */;
			productType = "com.apple.product-type.application";
		};
/* End PBXNativeTarget section */

/* Begin PBXProject section */
		C8D7D3F7238D06DA00BBBCFD /* Project object */ = {
			isa = PBXProject;
			attributes = {
				LastSwiftUpdateCheck = 1030;
				LastUpgradeCheck = 1030;
				ORGANIZATIONNAME = YuichiOtsuka;
				TargetAttributes = {
					C8D7D3FE238D06DA00BBBCFD = {
						CreatedOnToolsVersion = 10.3;
					};
				};
			};
			buildConfigurationList = C8D7D3FA238D06DA00BBBCFD /* Build configuration list for PBXProject "BLEComuClientForESPIDFble_spp_server" */;
			compatibilityVersion = "Xcode 9.3";
			developmentRegion = en;
			hasScannedForEncodings = 0;
			knownRegions = (
				en,
				Base,
			);
			mainGroup = C8D7D3F6238D06DA00BBBCFD;
			productRefGroup = C8D7D400238D06DA00BBBCFD /* Products */;
			projectDirPath = "";
			projectRoot = "";
			targets = (
				C8D7D3FE238D06DA00BBBCFD /* BLEComuClientForESPIDFble_spp_server */,
			);
		};
/* End PBXProject section */

/* Begin PBXResourcesBuildPhase section */
		C8D7D3FD238D06DA00BBBCFD /* Resources */ = {
			isa = PBXResourcesBuildPhase;
			buildActionMask = 2147483647;
			files = (
				C8D7D40D238D06DD00BBBCFD /* LaunchScreen.storyboard in Resources */,
				C8D7D40A238D06DD00BBBCFD /* Assets.xcassets in Resources */,
				C8D7D408238D06DA00BBBCFD /* Main.storyboard in Resources */,
			);
			runOnlyForDeploymentPostprocessing = 0;
		};
/* End PBXResourcesBuildPhase section */

/* Begin PBXSourcesBuildPhase section */
		C8D7D3FB238D06DA00BBBCFD /* Sources */ = {
			isa = PBXSourcesBuildPhase;
			buildActionMask = 2147483647;
			files = (
				C8D7D405238D06DA00BBBCFD /* ViewController.swift in Sources */,
				C8D7D403238D06DA00BBBCFD /* AppDelegate.swift in Sources */,
			);
			runOnlyForDeploymentPostprocessing = 0;
		};
/* End PBXSourcesBuildPhase section */

/* Begin PBXVariantGroup section */
		C8D7D406238D06DA00BBBCFD /* Main.storyboard */ = {
			isa = PBXVariantGroup;
			children = (
				C8D7D407238D06DA00BBBCFD /* Base */,
			);
			name = Main.storyboard;
			sourceTree = "<group>";
		};
		C8D7D40B238D06DD00BBBCFD /* LaunchScreen.storyboard */ = {
			isa = PBXVariantGroup;
			children = (
				C8D7D40C238D06DD00BBBCFD /* Base */,
			);
			name = LaunchScreen.storyboard;
			sourceTree = "<group>";
		};
/* End PBXVariantGroup section */

/* Begin XCBuildConfiguration section */
		C8D7D40F238D06DD00BBBCFD /* Debug */ = {
			isa = XCBuildConfiguration;
			buildSettings = {
				ALWAYS_SEARCH_USER_PATHS = NO;
				CLANG_ANALYZER_NONNULL = YES;
				CLANG_ANALYZER_NUMBER_OBJECT_CONVERSION = YES_AGGRESSIVE;
				CLANG_CXX_LANGUAGE_STANDARD = "gnu++14";
				CLANG_CXX_LIBRARY = "libc++";
				CLANG_ENABLE_MODULES = YES;
				CLANG_ENABLE_OBJC_ARC = YES;
				CLANG_ENABLE_OBJC_WEAK = YES;
				CLANG_WARN_BLOCK_CAPTURE_AUTORELEASING = YES;
				CLANG_WARN_BOOL_CONVERSION = YES;
				CLANG_WARN_COMMA = YES;
				CLANG_WARN_CONSTANT_CONVERSION = YES;
				CLANG_WARN_DEPRECATED_OBJC_IMPLEMENTATIONS = YES;
				CLANG_WARN_DIRECT_OBJC_ISA_USAGE = YES_ERROR;
				CLANG_WARN_DOCUMENTATION_COMMENTS = YES;
				CLANG_WARN_EMPTY_BODY = YES;
				CLANG_WARN_ENUM_CONVERSION = YES;
				CLANG_WARN_INFINITE_RECURSION = YES;
				CLANG_WARN_INT_CONVERSION = YES;
				CLANG_WARN_NON_LITERAL_NULL_CONVERSION = YES;
				CLANG_WARN_OBJC_IMPLICIT_RETAIN_SELF = YES;
				CLANG_WARN_OBJC_LITERAL_CONVERSION = YES;
				CLANG_WARN_OBJC_ROOT_CLASS = YES_ERROR;
				CLANG_WARN_RANGE_LOOP_ANALYSIS = YES;
				CLANG_WARN_STRICT_PROTOTYPES = YES;
				CLANG_WARN_SUSPICIOUS_MOVE = YES;
				CLANG_WARN_UNGUARDED_AVAILABILITY = YES_AGGRESSIVE;
				CLANG_WARN_UNREACHABLE_CODE = YES;
				CLANG_WARN__DUPLICATE_METHOD_MATCH = YES;
				CODE_SIGN_IDENTITY = "iPhone Developer";
				COPY_PHASE_STRIP = NO;
				DEBUG_INFORMATION_FORMAT = dwarf;
				ENABLE_STRICT_OBJC_MSGSEND = YES;
				ENABLE_TESTABILITY = YES;
				GCC_C_LANGUAGE_STANDARD = gnu11;
				GCC_DYNAMIC_NO_PIC = NO;
				GCC_NO_COMMON_BLOCKS = YES;
				GCC_OPTIMIZATION_LEVEL = 0;
				GCC_PREPROCESSOR_DEFINITIONS = (
					"DEBUG=1",
					"$(inherited)",
				);
				GCC_WARN_64_TO_32_BIT_CONVERSION = YES;
				GCC_WARN_ABOUT_RETURN_TYPE = YES_ERROR;
				GCC_WARN_UNDECLARED_SELECTOR = YES;
				GCC_WARN_UNINITIALIZED_AUTOS = YES_AGGRESSIVE;
				GCC_WARN_UNUSED_FUNCTION = YES;
				GCC_WARN_UNUSED_VARIABLE = YES;
				IPHONEOS_DEPLOYMENT_TARGET = 12.4;
				MTL_ENABLE_DEBUG_INFO = INCLUDE_SOURCE;
				MTL_FAST_MATH = YES;
				ONLY_ACTIVE_ARCH = YES;
				SDKROOT = iphoneos;
				SWIFT_ACTIVE_COMPILATION_CONDITIONS = DEBUG;
				SWIFT_OPTIMIZATION_LEVEL = "-Onone";
			};
			name = Debug;
		};
		C8D7D410238D06DD00BBBCFD /* Release */ = {
			isa = XCBuildConfiguration;
			buildSettings = {
				ALWAYS_SEARCH_USER_PATHS = NO;
				CLANG_ANALYZER_NONNULL = YES;
				CLANG_ANALYZER_NUMBER_OBJECT_CONVERSION = YES_AGGRESSIVE;
				CLANG_CXX_LANGUAGE_STANDARD = "gnu++14";
				CLANG_CXX_LIBRARY = "libc++";
				CLANG_ENABLE_MODULES = YES;
				CLANG_ENABLE_OBJC_ARC = YES;
				CLANG_ENABLE_OBJC_WEAK = YES;
				CLANG_WARN_BLOCK_CAPTURE_AUTORELEASING = YES;
				CLANG_WARN_BOOL_CONVERSION = YES;
				CLANG_WARN_COMMA = YES;
				CLANG_WARN_CONSTANT_CONVERSION = YES;
				CLANG_WARN_DEPRECATED_OBJC_IMPLEMENTATIONS = YES;
				CLANG_WARN_DIRECT_OBJC_ISA_USAGE = YES_ERROR;
				CLANG_WARN_DOCUMENTATION_COMMENTS = YES;
				CLANG_WARN_EMPTY_BODY = YES;
				CLANG_WARN_ENUM_CONVERSION = YES;
				CLANG_WARN_INFINITE_RECURSION = YES;
				CLANG_WARN_INT_CONVERSION = YES;
				CLANG_WARN_NON_LITERAL_NULL_CONVERSION = YES;
				CLANG_WARN_OBJC_IMPLICIT_RETAIN_SELF = YES;
				CLANG_WARN_OBJC_LITERAL_CONVERSION = YES;
				CLANG_WARN_OBJC_ROOT_CLASS = YES_ERROR;
				CLANG_WARN_RANGE_LOOP_ANALYSIS = YES;
				CLANG_WARN_STRICT_PROTOTYPES = YES;
				CLANG_WARN_SUSPICIOUS_MOVE = YES;
				CLANG_WARN_UNGUARDED_AVAILABILITY = YES_AGGRESSIVE;
				CLANG_WARN_UNREACHABLE_CODE = YES;
				CLANG_WARN__DUPLICATE_METHOD_MATCH = YES;
				CODE_SIGN_IDENTITY = "iPhone Developer";
				COPY_PHASE_STRIP = NO;
				DEBUG_INFORMATION_FORMAT = "dwarf-with-dsym";
				ENABLE_NS_ASSERTIONS = NO;
				ENABLE_STRICT_OBJC_MSGSEND = YES;
				GCC_C_LANGUAGE_STANDARD = gnu11;
				GCC_NO_COMMON_BLOCKS = YES;
				GCC_WARN_64_TO_32_BIT_CONVERSION = YES;
				GCC_WARN_ABOUT_RETURN_TYPE = YES_ERROR;
				GCC_WARN_UNDECLARED_SELECTOR = YES;
				GCC_WARN_UNINITIALIZED_AUTOS = YES_AGGRESSIVE;
				GCC_WARN_UNUSED_FUNCTION = YES;
				GCC_WARN_UNUSED_VARIABLE = YES;
				IPHONEOS_DEPLOYMENT_TARGET = 12.4;
				MTL_ENABLE_DEBUG_INFO = NO;
				MTL_FAST_MATH = YES;
				SDKROOT = iphoneos;
				SWIFT_COMPILATION_MODE = wholemodule;
				SWIFT_OPTIMIZATION_LEVEL = "-O";
				VALIDATE_PRODUCT = YES;
			};
			name = Release;
		};
		C8D7D412238D06DD00BBBCFD /* Debug */ = {
			isa = XCBuildConfiguration;
			buildSettings = {
				ASSETCATALOG_COMPILER_APPICON_NAME = AppIcon;
				CODE_SIGN_STYLE = Automatic;
				DEVELOPMENT_TEAM = WLTZK3BW22;
				INFOPLIST_FILE = BLEComuClientForESPIDFble_spp_server/Info.plist;
				LD_RUNPATH_SEARCH_PATHS = (
					"$(inherited)",
					"@executable_path/Frameworks",
				);
				PRODUCT_BUNDLE_IDENTIFIER = "com.yui.BLEComuClientForESPIDFble-spp-server";
				PRODUCT_NAME = "$(TARGET_NAME)";
				SWIFT_VERSION = 5.0;
				TARGETED_DEVICE_FAMILY = "1,2";
			};
			name = Debug;
		};
		C8D7D413238D06DD00BBBCFD /* Release */ = {
			isa = XCBuildConfiguration;
			buildSettings = {
				ASSETCATALOG_COMPILER_APPICON_NAME = AppIcon;
				CODE_SIGN_STYLE = Automatic;
				DEVELOPMENT_TEAM = WLTZK3BW22;
				INFOPLIST_FILE = BLEComuClientForESPIDFble_spp_server/Info.plist;
				LD_RUNPATH_SEARCH_PATHS = (
					"$(inherited)",
					"@executable_path/Frameworks",
				);
				PRODUCT_BUNDLE_IDENTIFIER = "com.yui.BLEComuClientForESPIDFble-spp-server";
				PRODUCT_NAME = "$(TARGET_NAME)";
				SWIFT_VERSION = 5.0;
				TARGETED_DEVICE_FAMILY = "1,2";
			};
			name = Release;
		};
/* End XCBuildConfiguration section */

/* Begin XCConfigurationList section */
		C8D7D3FA238D06DA00BBBCFD /* Build configuration list for PBXProject "BLEComuClientForESPIDFble_spp_server" */ = {
			isa = XCConfigurationList;
			buildConfigurations = (
				C8D7D40F238D06DD00BBBCFD /* Debug */,
				C8D7D410238D06DD00BBBCFD /* Release */,
			);
			defaultConfigurationIsVisible = 0;
			defaultConfigurationName = Release;
		};
		C8D7D411238D06DD00BBBCFD /* Build configuration list for PBXNativeTarget "BLEComuClientForESPIDFble_spp_server" */ = {
			isa = XCConfigurationList;
			buildConfigurations = (
				C8D7D412238D06DD00BBBCFD /* Debug */,
				C8D7D413238D06DD00BBBCFD /* Release */,
			);
			defaultConfigurationIsVisible = 0;
			defaultConfigurationName = Release;
		};
/* End XCConfigurationList section */
	};
	rootObject = C8D7D3F7238D06DA00BBBCFD /* Project object */;
}
